
Microsoft Visual Studio Solution File, Format Version 12.00
# Visual Studio Version 16
VisualStudioVersion = 16.0.810.23
MinimumVisualStudioVersion = 10.0.40219.1
Project("{FAE04EC0-301F-11D3-BF4B-00C04F79EFBC}") = "MariposaAPI", "MariposaAPI\MariposaAPI.csproj", "{013365FB-D6BC-4AC3-8EB9-82F646783301}"
EndProject
Project("{FAE04EC0-301F-11D3-BF4B-00C04F79EFBC}") = "WebApp", "WebApp\WebApp.csproj", "{3F16DFE1-645F-4612-A3C8-AC13AA9598B4}"
EndProject
Global
	GlobalSection(SolutionConfigurationPlatforms) = preSolution
		Debug|Any CPU = Debug|Any CPU
		Release|Any CPU = Release|Any CPU
	EndGlobalSection
	GlobalSection(ProjectConfigurationPlatforms) = postSolution
		{013365FB-D6BC-4AC3-8EB9-82F646783301}.Debug|Any CPU.ActiveCfg = Debug|Any CPU
		{013365FB-D6BC-4AC3-8EB9-82F646783301}.Debug|Any CPU.Build.0 = Debug|Any CPU
		{013365FB-D6BC-4AC3-8EB9-82F646783301}.Release|Any CPU.ActiveCfg = Release|Any CPU
		{013365FB-D6BC-4AC3-8EB9-82F646783301}.Release|Any CPU.Build.0 = Release|Any CPU
		{3F16DFE1-645F-4612-A3C8-AC13AA9598B4}.Debug|Any CPU.ActiveCfg = Debug|Any CPU
		{3F16DFE1-645F-4612-A3C8-AC13AA9598B4}.Debug|Any CPU.Build.0 = Debug|Any CPU
		{3F16DFE1-645F-4612-A3C8-AC13AA9598B4}.Release|Any CPU.ActiveCfg = Release|Any CPU
		{3F16DFE1-645F-4612-A3C8-AC13AA9598B4}.Release|Any CPU.Build.0 = Release|Any CPU
	EndGlobalSection
	GlobalSection(SolutionProperties) = preSolution
		HideSolutionNode = FALSE
	EndGlobalSection
	GlobalSection(ExtensibilityGlobals) = postSolution
		SolutionGuid = {5A75536F-DBDD-465B-A06D-3411AA13184E}
	EndGlobalSection
	GlobalSection(MonoDevelopProperties) = preSolution
		Policies = $0
		$0.StandardHeader = $1
		$0.VersionControlPolicy = $2
	EndGlobalSection
EndGlobal
